<?xml version="1.0" encoding="utf-8"?>
<Project ToolsVersion="4.0" xmlns="http://schemas.microsoft.com/developer/msbuild/2003">
  <ItemGroup>
    <Filter Include="Source Files">
      <UniqueIdentifier>{4FC737F1-C7A5-4376-A066-2A32D752A2FF}</UniqueIdentifier>
      <Extensions>cpp;c;cc;cxx;def;odl;idl;hpj;bat;asm;asmx</Extensions>
    </Filter>
    <Filter Include="Header Files">
      <UniqueIdentifier>{93995380-89BD-4b04-88EB-625FBE52EBFB}</UniqueIdentifier>
      <Extensions>h;hpp;hxx;hm;inl;inc;xsd</Extensions>
    </Filter>
    <Filter Include="Resource Files">
      <UniqueIdentifier>{67DA6AB6-F800-4c08-8B7A-83BB121AAD01}</UniqueIdentifier>
      <Extensions>rc;ico;cur;bmp;dlg;rc2;rct;bin;rgs;gif;jpg;jpeg;jpe;resx;tiff;tif;png;wav;mfcribbon-ms</Extensions>
    </Filter>
    <Filter Include="Methods">
      <UniqueIdentifier>{9304869e-043e-437c-9f9f-cd9488a408a9}</UniqueIdentifier>
    </Filter>
  </ItemGroup>
  <ItemGroup>
    <Text Include="ReadMe.txt" />
  </ItemGroup>
  <ItemGroup>
    <ClInclude Include="targetver.h">
      <Filter>Header Files</Filter>
    </ClInclude>
    <ClInclude Include="Src\Structure\Edge.h">
      <Filter>Header Files</Filter>
    </ClInclude>
    <ClInclude Include="Src\Utils\BaseObject.h">
      <Filter>Header Files</Filter>
    </ClInclude>
    <ClInclude Include="Src\Methods\ForceLayout.h">
      <Filter>Header Files</Filter>
    </ClInclude>
    <ClInclude Include="Src\Utils\Image.h">
      <Filter>Header Files</Filter>
    </ClInclude>
    <ClInclude Include="Src\Structure\Layer.h">
      <Filter>Header Files</Filter>
    </ClInclude>
    <ClInclude Include="Src\Utils\MemoryImage.h">
      <Filter>Header Files</Filter>
    </ClInclude>
    <ClInclude Include="Src\Structure\Node.h">
      <Filter>Header Files</Filter>
    </ClInclude>
    <ClInclude Include="Src\Utils\Point.h">
      <Filter>Header Files</Filter>
    </ClInclude>
    <ClInclude Include="Src\Utils\pool.h">
      <Filter>Header Files</Filter>
    </ClInclude>
    <ClInclude Include="Src\Utils\SlowImage.h">
      <Filter>Header Files</Filter>
    </ClInclude>
    <ClInclude Include="Src\Utils\Rect.h">
      <Filter>Header Files</Filter>
    </ClInclude>
    <ClInclude Include="Src\Methods\SpringElectric.h">
      <Filter>Methods</Filter>
    </ClInclude>
    <ClInclude Include="Src\Methods\SpringMethod.h">
      <Filter>Methods</Filter>
    </ClInclude>
    <ClInclude Include="Src\Methods\SpringTopDown.h">
      <Filter>Methods</Filter>
    </ClInclude>
    <ClInclude Include="Src\Utils\Stopwatch.h">
      <Filter>Header Files</Filter>
    </ClInclude>
    <ClInclude Include="Src\Utils\stdafx.h">
      <Filter>Header Files</Filter>
    </ClInclude>
  </ItemGroup>
  <ItemGroup>
    <ClCompile Include="Src\GraphLayout.cpp">
      <Filter>Source Files</Filter>
    </ClCompile>
    <ClCompile Include="Src\Methods\ForceLayout.cpp">
      <Filter>Source Files</Filter>
    </ClCompile>
    <ClCompile Include="Src\Utils\Image.cpp">
      <Filter>Header Files</Filter>
    </ClCompile>
    <ClCompile Include="Src\Structure\Layer.cpp">
      <Filter>Source Files</Filter>
    </ClCompile>
    <ClCompile Include="Src\Utils\MemoryImage.cpp">
      <Filter>Source Files</Filter>
    </ClCompile>
    <ClCompile Include="Src\Utils\Rect.cpp">
      <Filter>Source Files</Filter>
    </ClCompile>
    <ClCompile Include="Src\Structure\Node.cpp">
      <Filter>Source Files</Filter>
    </ClCompile>
    <ClCompile Include="Src\Utils\Point.cpp">
      <Filter>Source Files</Filter>
    </ClCompile>
    <ClCompile Include="Src\Methods\SpringTopDown.cpp">
      <Filter>Methods</Filter>
    </ClCompile>
    <ClCompile Include="Src\Utils\stdafx.cpp">
      <Filter>Source Files</Filter>
    </ClCompile>
  </ItemGroup>
</Project>